// !$*UTF8*$!
{
	archiveVersion = 1;
	classes = {
	};
	objectVersion = 55;
	objects = {

/* Begin PBXBuildFile section */
		BA34F236281D4B45003E0C16 /* Tests_iOS.swift in Sources */ = {isa = PBXBuildFile; fileRef = BA34F235281D4B45003E0C16 /* Tests_iOS.swift */; };
		BA34F238281D4B45003E0C16 /* Tests_iOSLaunchTests.swift in Sources */ = {isa = PBXBuildFile; fileRef = BA34F237281D4B45003E0C16 /* Tests_iOSLaunchTests.swift */; };
		BA34F242281D4B45003E0C16 /* Tests_macOS.swift in Sources */ = {isa = PBXBuildFile; fileRef = BA34F241281D4B45003E0C16 /* Tests_macOS.swift */; };
		BA34F244281D4B45003E0C16 /* Tests_macOSLaunchTests.swift in Sources */ = {isa = PBXBuildFile; fileRef = BA34F243281D4B45003E0C16 /* Tests_macOSLaunchTests.swift */; };
		BA34F245281D4B45003E0C16 /* memoAppApp.swift in Sources */ = {isa = PBXBuildFile; fileRef = BA34F21D281D4B44003E0C16 /* memoAppApp.swift */; };
		BA34F246281D4B45003E0C16 /* memoAppApp.swift in Sources */ = {isa = PBXBuildFile; fileRef = BA34F21D281D4B44003E0C16 /* memoAppApp.swift */; };
		BA34F247281D4B45003E0C16 /* ContentView.swift in Sources */ = {isa = PBXBuildFile; fileRef = BA34F21E281D4B44003E0C16 /* ContentView.swift */; };
		BA34F248281D4B45003E0C16 /* ContentView.swift in Sources */ = {isa = PBXBuildFile; fileRef = BA34F21E281D4B44003E0C16 /* ContentView.swift */; };
		BA34F249281D4B45003E0C16 /* Assets.xcassets in Resources */ = {isa = PBXBuildFile; fileRef = BA34F21F281D4B45003E0C16 /* Assets.xcassets */; };
		BA34F24A281D4B45003E0C16 /* Assets.xcassets in Resources */ = {isa = PBXBuildFile; fileRef = BA34F21F281D4B45003E0C16 /* Assets.xcassets */; };
		BA34F25A281D59A5003E0C16 /* memoPage.swift in Sources */ = {isa = PBXBuildFile; fileRef = BA34F259281D59A5003E0C16 /* memoPage.swift */; };
		BA34F25C281D7448003E0C16 /* secretPage.swift in Sources */ = {isa = PBXBuildFile; fileRef = BA34F25B281D7448003E0C16 /* secretPage.swift */; };
		BA34F25E281D84BA003E0C16 /* MemoDataSheet.swift in Sources */ = {isa = PBXBuildFile; fileRef = BA34F25D281D84BA003E0C16 /* MemoDataSheet.swift */; };
/* End PBXBuildFile section */

/* Begin PBXContainerItemProxy section */
		BA34F232281D4B45003E0C16 /* PBXContainerItemProxy */ = {
			isa = PBXContainerItemProxy;
			containerPortal = BA34F218281D4B44003E0C16 /* Project object */;
			proxyType = 1;
			remoteGlobalIDString = BA34F223281D4B45003E0C16;
			remoteInfo = "memoApp (iOS)";
		};
		BA34F23E281D4B45003E0C16 /* PBXContainerItemProxy */ = {
			isa = PBXContainerItemProxy;
			containerPortal = BA34F218281D4B44003E0C16 /* Project object */;
			proxyType = 1;
			remoteGlobalIDString = BA34F229281D4B45003E0C16;
			remoteInfo = "memoApp (macOS)";
		};
/* End PBXContainerItemProxy section */

/* Begin PBXFileReference section */
		BA34F21D281D4B44003E0C16 /* memoAppApp.swift */ = {isa = PBXFileReference; lastKnownFileType = sourcecode.swift; path = memoAppApp.swift; sourceTree = "<group>"; };
		BA34F21E281D4B44003E0C16 /* ContentView.swift */ = {isa = PBXFileReference; lastKnownFileType = sourcecode.swift; path = ContentView.swift; sourceTree = "<group>"; };
		BA34F21F281D4B45003E0C16 /* Assets.xcassets */ = {isa = PBXFileReference; lastKnownFileType = folder.assetcatalog; path = Assets.xcassets; sourceTree = "<group>"; };
		BA34F224281D4B45003E0C16 /* memoApp.app */ = {isa = PBXFileReference; explicitFileType = wrapper.application; includeInIndex = 0; path = memoApp.app; sourceTree = BUILT_PRODUCTS_DIR; };
		BA34F22A281D4B45003E0C16 /* memoApp.app */ = {isa = PBXFileReference; explicitFileType = wrapper.application; includeInIndex = 0; path = memoApp.app; sourceTree = BUILT_PRODUCTS_DIR; };
		BA34F22C281D4B45003E0C16 /* macOS.entitlements */ = {isa = PBXFileReference; lastKnownFileType = text.plist.entitlements; path = macOS.entitlements; sourceTree = "<group>"; };
		BA34F231281D4B45003E0C16 /* Tests iOS.xctest */ = {isa = PBXFileReference; explicitFileType = wrapper.cfbundle; includeInIndex = 0; path = "Tests iOS.xctest"; sourceTree = BUILT_PRODUCTS_DIR; };
		BA34F235281D4B45003E0C16 /* Tests_iOS.swift */ = {isa = PBXFileReference; lastKnownFileType = sourcecode.swift; path = Tests_iOS.swift; sourceTree = "<group>"; };
		BA34F237281D4B45003E0C16 /* Tests_iOSLaunchTests.swift */ = {isa = PBXFileReference; lastKnownFileType = sourcecode.swift; path = Tests_iOSLaunchTests.swift; sourceTree = "<group>"; };
		BA34F23D281D4B45003E0C16 /* Tests macOS.xctest */ = {isa = PBXFileReference; explicitFileType = wrapper.cfbundle; includeInIndex = 0; path = "Tests macOS.xctest"; sourceTree = BUILT_PRODUCTS_DIR; };
		BA34F241281D4B45003E0C16 /* Tests_macOS.swift */ = {isa = PBXFileReference; lastKnownFileType = sourcecode.swift; path = Tests_macOS.swift; sourceTree = "<group>"; };
		BA34F243281D4B45003E0C16 /* Tests_macOSLaunchTests.swift */ = {isa = PBXFileReference; lastKnownFileType = sourcecode.swift; path = Tests_macOSLaunchTests.swift; sourceTree = "<group>"; };
		BA34F259281D59A5003E0C16 /* memoPage.swift */ = {isa = PBXFileReference; lastKnownFileType = sourcecode.swift; path = memoPage.swift; sourceTree = "<group>"; };
		BA34F25B281D7448003E0C16 /* secretPage.swift */ = {isa = PBXFileReference; lastKnownFileType = sourcecode.swift; path = secretPage.swift; sourceTree = "<group>"; };
		BA34F25D281D84BA003E0C16 /* MemoDataSheet.swift */ = {isa = PBXFileReference; lastKnownFileType = sourcecode.swift; path = MemoDataSheet.swift; sourceTree = "<group>"; };
/* End PBXFileReference section */

/* Begin PBXFrameworksBuildPhase section */
		BA34F221281D4B45003E0C16 /* Frameworks */ = {
			isa = PBXFrameworksBuildPhase;
			buildActionMask = 2147483647;
			files = (
			);
			runOnlyForDeploymentPostprocessing = 0;
		};
		BA34F227281D4B45003E0C16 /* Frameworks */ = {
			isa = PBXFrameworksBuildPhase;
			buildActionMask = 2147483647;
			files = (
			);
			runOnlyForDeploymentPostprocessing = 0;
		};
		BA34F22E281D4B45003E0C16 /* Frameworks */ = {
			isa = PBXFrameworksBuildPhase;
			buildActionMask = 2147483647;
			files = (
			);
			runOnlyForDeploymentPostprocessing = 0;
		};
		BA34F23A281D4B45003E0C16 /* Frameworks */ = {
			isa = PBXFrameworksBuildPhase;
			buildActionMask = 2147483647;
			files = (
			);
			runOnlyForDeploymentPostprocessing = 0;
		};
/* End PBXFrameworksBuildPhase section */

/* Begin PBXGroup section */
		BA34F217281D4B44003E0C16 = {
			isa = PBXGroup;
			children = (
				BA34F25D281D84BA003E0C16 /* MemoDataSheet.swift */,
				BA34F25B281D7448003E0C16 /* secretPage.swift */,
				BA34F259281D59A5003E0C16 /* memoPage.swift */,
				BA34F21C281D4B44003E0C16 /* Shared */,
				BA34F22B281D4B45003E0C16 /* macOS */,
				BA34F234281D4B45003E0C16 /* Tests iOS */,
				BA34F240281D4B45003E0C16 /* Tests macOS */,
				BA34F225281D4B45003E0C16 /* Products */,
			);
			sourceTree = "<group>";
		};
		BA34F21C281D4B44003E0C16 /* Shared */ = {
			isa = PBXGroup;
			children = (
				BA34F21D281D4B44003E0C16 /* memoAppApp.swift */,
				BA34F21E281D4B44003E0C16 /* ContentView.swift */,
				BA34F21F281D4B45003E0C16 /* Assets.xcassets */,
			);
			path = Shared;
			sourceTree = "<group>";
		};
		BA34F225281D4B45003E0C16 /* Products */ = {
			isa = PBXGroup;
			children = (
				BA34F224281D4B45003E0C16 /* memoApp.app */,
				BA34F22A281D4B45003E0C16 /* memoApp.app */,
				BA34F231281D4B45003E0C16 /* Tests iOS.xctest */,
				BA34F23D281D4B45003E0C16 /* Tests macOS.xctest */,
			);
			name = Products;
			sourceTree = "<group>";
		};
		BA34F22B281D4B45003E0C16 /* macOS */ = {
			isa = PBXGroup;
			children = (
				BA34F22C281D4B45003E0C16 /* macOS.entitlements */,
			);
			path = macOS;
			sourceTree = "<group>";
		};
		BA34F234281D4B45003E0C16 /* Tests iOS */ = {
			isa = PBXGroup;
			children = (
				BA34F235281D4B45003E0C16 /* Tests_iOS.swift */,
				BA34F237281D4B45003E0C16 /* Tests_iOSLaunchTests.swift */,
			);
			path = "Tests iOS";
			sourceTree = "<group>";
		};
		BA34F240281D4B45003E0C16 /* Tests macOS */ = {
			isa = PBXGroup;
			children = (
				BA34F241281D4B45003E0C16 /* Tests_macOS.swift */,
				BA34F243281D4B45003E0C16 /* Tests_macOSLaunchTests.swift */,
			);
			path = "Tests macOS";
			sourceTree = "<group>";
		};
/* End PBXGroup section */

/* Begin PBXNativeTarget section */
		BA34F223281D4B45003E0C16 /* memoApp (iOS) */ = {
			isa = PBXNativeTarget;
			buildConfigurationList = BA34F24D281D4B45003E0C16 /* Build configuration list for PBXNativeTarget "memoApp (iOS)" */;
			buildPhases = (
				BA34F220281D4B45003E0C16 /* Sources */,
				BA34F221281D4B45003E0C16 /* Frameworks */,
				BA34F222281D4B45003E0C16 /* Resources */,
			);
			buildRules = (
			);
			dependencies = (
			);
			name = "memoApp (iOS)";
			productName = "memoApp (iOS)";
			productReference = BA34F224281D4B45003E0C16 /* memoApp.app */;
			productType = "com.apple.product-type.application";
		};
		BA34F229281D4B45003E0C16 /* memoApp (macOS) */ = {
			isa = PBXNativeTarget;
			buildConfigurationList = BA34F250281D4B45003E0C16 /* Build configuration list for PBXNativeTarget "memoApp (macOS)" */;
			buildPhases = (
				BA34F226281D4B45003E0C16 /* Sources */,
				BA34F227281D4B45003E0C16 /* Frameworks */,
				BA34F228281D4B45003E0C16 /* Resources */,
			);
			buildRules = (
			);
			dependencies = (
			);
			name = "memoApp (macOS)";
			productName = "memoApp (macOS)";
			productReference = BA34F22A281D4B45003E0C16 /* memoApp.app */;
			productType = "com.apple.product-type.application";
		};
		BA34F230281D4B45003E0C16 /* Tests iOS */ = {
			isa = PBXNativeTarget;
			buildConfigurationList = BA34F253281D4B45003E0C16 /* Build configuration list for PBXNativeTarget "Tests iOS" */;
			buildPhases = (
				BA34F22D281D4B45003E0C16 /* Sources */,
				BA34F22E281D4B45003E0C16 /* Frameworks */,
				BA34F22F281D4B45003E0C16 /* Resources */,
			);
			buildRules = (
			);
			dependencies = (
				BA34F233281D4B45003E0C16 /* PBXTargetDependency */,
			);
			name = "Tests iOS";
			productName = "Tests iOS";
			productReference = BA34F231281D4B45003E0C16 /* Tests iOS.xctest */;
			productType = "com.apple.product-type.bundle.ui-testing";
		};
		BA34F23C281D4B45003E0C16 /* Tests macOS */ = {
			isa = PBXNativeTarget;
			buildConfigurationList = BA34F256281D4B45003E0C16 /* Build configuration list for PBXNativeTarget "Tests macOS" */;
			buildPhases = (
				BA34F239281D4B45003E0C16 /* Sources */,
				BA34F23A281D4B45003E0C16 /* Frameworks */,
				BA34F23B281D4B45003E0C16 /* Resources */,
			);
			buildRules = (
			);
			dependencies = (
				BA34F23F281D4B45003E0C16 /* PBXTargetDependency */,
			);
			name = "Tests macOS";
			productName = "Tests macOS";
			productReference = BA34F23D281D4B45003E0C16 /* Tests macOS.xctest */;
			productType = "com.apple.product-type.bundle.ui-testing";
		};
/* End PBXNativeTarget section */

/* Begin PBXProject section */
		BA34F218281D4B44003E0C16 /* Project object */ = {
			isa = PBXProject;
			attributes = {
				BuildIndependentTargetsInParallel = 1;
				LastSwiftUpdateCheck = 1330;
				LastUpgradeCheck = 1330;
				TargetAttributes = {
					BA34F223281D4B45003E0C16 = {
						CreatedOnToolsVersion = 13.3.1;
					};
					BA34F229281D4B45003E0C16 = {
						CreatedOnToolsVersion = 13.3.1;
					};
					BA34F230281D4B45003E0C16 = {
						CreatedOnToolsVersion = 13.3.1;
						TestTargetID = BA34F223281D4B45003E0C16;
					};
					BA34F23C281D4B45003E0C16 = {
						CreatedOnToolsVersion = 13.3.1;
						TestTargetID = BA34F229281D4B45003E0C16;
					};
				};
			};
			buildConfigurationList = BA34F21B281D4B44003E0C16 /* Build configuration list for PBXProject "memoApp" */;
			compatibilityVersion = "Xcode 13.0";
			developmentRegion = en;
			hasScannedForEncodings = 0;
			knownRegions = (
				en,
				Base,
			);
			mainGroup = BA34F217281D4B44003E0C16;
			productRefGroup = BA34F225281D4B45003E0C16 /* Products */;
			projectDirPath = "";
			projectRoot = "";
			targets = (
				BA34F223281D4B45003E0C16 /* memoApp (iOS) */,
				BA34F229281D4B45003E0C16 /* memoApp (macOS) */,
				BA34F230281D4B45003E0C16 /* Tests iOS */,
				BA34F23C281D4B45003E0C16 /* Tests macOS */,
			);
		};
/* End PBXProject section */

/* Begin PBXResourcesBuildPhase section */
		BA34F222281D4B45003E0C16 /* Resources */ = {
			isa = PBXResourcesBuildPhase;
			buildActionMask = 2147483647;
			files = (
				BA34F249281D4B45003E0C16 /* Assets.xcassets in Resources */,
			);
			runOnlyForDeploymentPostprocessing = 0;
		};
		BA34F228281D4B45003E0C16 /* Resources */ = {
			isa = PBXResourcesBuildPhase;
			buildActionMask = 2147483647;
			files = (
				BA34F24A281D4B45003E0C16 /* Assets.xcassets in Resources */,
			);
			runOnlyForDeploymentPostprocessing = 0;
		};
		BA34F22F281D4B45003E0C16 /* Resources */ = {
			isa = PBXResourcesBuildPhase;
			buildActionMask = 2147483647;
			files = (
			);
			runOnlyForDeploymentPostprocessing = 0;
		};
		BA34F23B281D4B45003E0C16 /* Resources */ = {
			isa = PBXResourcesBuildPhase;
			buildActionMask = 2147483647;
			files = (
			);
			runOnlyForDeploymentPostprocessing = 0;
		};
/* End PBXResourcesBuildPhase section */

/* Begin PBXSourcesBuildPhase section */
		BA34F220281D4B45003E0C16 /* Sources */ = {
			isa = PBXSourcesBuildPhase;
			buildActionMask = 2147483647;
			files = (
				BA34F247281D4B45003E0C16 /* ContentView.swift in Sources */,
				BA34F25E281D84BA003E0C16 /* MemoDataSheet.swift in Sources */,
				BA34F25A281D59A5003E0C16 /* memoPage.swift in Sources */,
				BA34F25C281D7448003E0C16 /* secretPage.swift in Sources */,
				BA34F245281D4B45003E0C16 /* memoAppApp.swift in Sources */,
			);
			runOnlyForDeploymentPostprocessing = 0;
		};
		BA34F226281D4B45003E0C16 /* Sources */ = {
			isa = PBXSourcesBuildPhase;
			buildActionMask = 2147483647;
			files = (
				BA34F248281D4B45003E0C16 /* ContentView.swift in Sources */,
				BA34F246281D4B45003E0C16 /* memoAppApp.swift in Sources */,
			);
			runOnlyForDeploymentPostprocessing = 0;
		};
		BA34F22D281D4B45003E0C16 /* Sources */ = {
			isa = PBXSourcesBuildPhase;
			buildActionMask = 2147483647;
			files = (
				BA34F238281D4B45003E0C16 /* Tests_iOSLaunchTests.swift in Sources */,
				BA34F236281D4B45003E0C16 /* Tests_iOS.swift in Sources */,
			);
			runOnlyForDeploymentPostprocessing = 0;
		};
		BA34F239281D4B45003E0C16 /* Sources */ = {
			isa = PBXSourcesBuildPhase;
			buildActionMask = 2147483647;
			files = (
				BA34F244281D4B45003E0C16 /* Tests_macOSLaunchTests.swift in Sources */,
				BA34F242281D4B45003E0C16 /* Tests_macOS.swift in Sources */,
			);
			runOnlyForDeploymentPostprocessing = 0;
		};
/* End PBXSourcesBuildPhase section */

/* Begin PBXTargetDependency section */
		BA34F233281D4B45003E0C16 /* PBXTargetDependency */ = {
			isa = PBXTargetDependency;
			target = BA34F223281D4B45003E0C16 /* memoApp (iOS) */;
			targetProxy = BA34F232281D4B45003E0C16 /* PBXContainerItemProxy */;
		};
		BA34F23F281D4B45003E0C16 /* PBXTargetDependency */ = {
			isa = PBXTargetDependency;
			target = BA34F229281D4B45003E0C16 /* memoApp (macOS) */;
			targetProxy = BA34F23E281D4B45003E0C16 /* PBXContainerItemProxy */;
		};
/* End PBXTargetDependency section */

/* Begin XCBuildConfiguration section */
		BA34F24B281D4B45003E0C16 /* Debug */ = {
			isa = XCBuildConfiguration;
			buildSettings = {
				ALWAYS_SEARCH_USER_PATHS = NO;
				CLANG_ANALYZER_NONNULL = YES;
				CLANG_ANALYZER_NUMBER_OBJECT_CONVERSION = YES_AGGRESSIVE;
				CLANG_CXX_LANGUAGE_STANDARD = "gnu++17";
				CLANG_ENABLE_MODULES = YES;
				CLANG_ENABLE_OBJC_ARC = YES;
				CLANG_ENABLE_OBJC_WEAK = YES;
				CLANG_WARN_BLOCK_CAPTURE_AUTORELEASING = YES;
				CLANG_WARN_BOOL_CONVERSION = YES;
				CLANG_WARN_COMMA = YES;
				CLANG_WARN_CONSTANT_CONVERSION = YES;
				CLANG_WARN_DEPRECATED_OBJC_IMPLEMENTATIONS = YES;
				CLANG_WARN_DIRECT_OBJC_ISA_USAGE = YES_ERROR;
				CLANG_WARN_DOCUMENTATION_COMMENTS = YES;
				CLANG_WARN_EMPTY_BODY = YES;
				CLANG_WARN_ENUM_CONVERSION = YES;
				CLANG_WARN_INFINITE_RECURSION = YES;
				CLANG_WARN_INT_CONVERSION = YES;
				CLANG_WARN_NON_LITERAL_NULL_CONVERSION = YES;
				CLANG_WARN_OBJC_IMPLICIT_RETAIN_SELF = YES;
				CLANG_WARN_OBJC_LITERAL_CONVERSION = YES;
				CLANG_WARN_OBJC_ROOT_CLASS = YES_ERROR;
				CLANG_WARN_QUOTED_INCLUDE_IN_FRAMEWORK_HEADER = YES;
				CLANG_WARN_RANGE_LOOP_ANALYSIS = YES;
				CLANG_WARN_STRICT_PROTOTYPES = YES;
				CLANG_WARN_SUSPICIOUS_MOVE = YES;
				CLANG_WARN_UNGUARDED_AVAILABILITY = YES_AGGRESSIVE;
				CLANG_WARN_UNREACHABLE_CODE = YES;
				CLANG_WARN__DUPLICATE_METHOD_MATCH = YES;
				COPY_PHASE_STRIP = NO;
				DEBUG_INFORMATION_FORMAT = dwarf;
				ENABLE_STRICT_OBJC_MSGSEND = YES;
				ENABLE_TESTABILITY = YES;
				GCC_C_LANGUAGE_STANDARD = gnu11;
				GCC_DYNAMIC_NO_PIC = NO;
				GCC_NO_COMMON_BLOCKS = YES;
				GCC_OPTIMIZATION_LEVEL = 0;
				GCC_PREPROCESSOR_DEFINITIONS = (
					"DEBUG=1",
					"$(inherited)",
				);
				GCC_WARN_64_TO_32_BIT_CONVERSION = YES;
				GCC_WARN_ABOUT_RETURN_TYPE = YES_ERROR;
				GCC_WARN_UNDECLARED_SELECTOR = YES;
				GCC_WARN_UNINITIALIZED_AUTOS = YES_AGGRESSIVE;
				GCC_WARN_UNUSED_FUNCTION = YES;
				GCC_WARN_UNUSED_VARIABLE = YES;
				MTL_ENABLE_DEBUG_INFO = INCLUDE_SOURCE;
				MTL_FAST_MATH = YES;
				ONLY_ACTIVE_ARCH = YES;
				SWIFT_ACTIVE_COMPILATION_CONDITIONS = DEBUG;
				SWIFT_OPTIMIZATION_LEVEL = "-Onone";
			};
			name = Debug;
		};
		BA34F24C281D4B45003E0C16 /* Release */ = {
			isa = XCBuildConfiguration;
			buildSettings = {
				ALWAYS_SEARCH_USER_PATHS = NO;
				CLANG_ANALYZER_NONNULL = YES;
				CLANG_ANALYZER_NUMBER_OBJECT_CONVERSION = YES_AGGRESSIVE;
				CLANG_CXX_LANGUAGE_STANDARD = "gnu++17";
				CLANG_ENABLE_MODULES = YES;
				CLANG_ENABLE_OBJC_ARC = YES;
				CLANG_ENABLE_OBJC_WEAK = YES;
				CLANG_WARN_BLOCK_CAPTURE_AUTORELEASING = YES;
				CLANG_WARN_BOOL_CONVERSION = YES;
				CLANG_WARN_COMMA = YES;
				CLANG_WARN_CONSTANT_CONVERSION = YES;
				CLANG_WARN_DEPRECATED_OBJC_IMPLEMENTATIONS = YES;
				CLANG_WARN_DIRECT_OBJC_ISA_USAGE = YES_ERROR;
				CLANG_WARN_DOCUMENTATION_COMMENTS = YES;
				CLANG_WARN_EMPTY_BODY = YES;
				CLANG_WARN_ENUM_CONVERSION = YES;
				CLANG_WARN_INFINITE_RECURSION = YES;
				CLANG_WARN_INT_CONVERSION = YES;
				CLANG_WARN_NON_LITERAL_NULL_CONVERSION = YES;
				CLANG_WARN_OBJC_IMPLICIT_RETAIN_SELF = YES;
				CLANG_WARN_OBJC_LITERAL_CONVERSION = YES;
				CLANG_WARN_OBJC_ROOT_CLASS = YES_ERROR;
				CLANG_WARN_QUOTED_INCLUDE_IN_FRAMEWORK_HEADER = YES;
				CLANG_WARN_RANGE_LOOP_ANALYSIS = YES;
				CLANG_WARN_STRICT_PROTOTYPES = YES;
				CLANG_WARN_SUSPICIOUS_MOVE = YES;
				CLANG_WARN_UNGUARDED_AVAILABILITY = YES_AGGRESSIVE;
				CLANG_WARN_UNREACHABLE_CODE = YES;
				CLANG_WARN__DUPLICATE_METHOD_MATCH = YES;
				COPY_PHASE_STRIP = NO;
				DEBUG_INFORMATION_FORMAT = "dwarf-with-dsym";
				ENABLE_NS_ASSERTIONS = NO;
				ENABLE_STRICT_OBJC_MSGSEND = YES;
				GCC_C_LANGUAGE_STANDARD = gnu11;
				GCC_NO_COMMON_BLOCKS = YES;
				GCC_WARN_64_TO_32_BIT_CONVERSION = YES;
				GCC_WARN_ABOUT_RETURN_TYPE = YES_ERROR;
				GCC_WARN_UNDECLARED_SELECTOR = YES;
				GCC_WARN_UNINITIALIZED_AUTOS = YES_AGGRESSIVE;
				GCC_WARN_UNUSED_FUNCTION = YES;
				GCC_WARN_UNUSED_VARIABLE = YES;
				MTL_ENABLE_DEBUG_INFO = NO;
				MTL_FAST_MATH = YES;
				SWIFT_COMPILATION_MODE = wholemodule;
				SWIFT_OPTIMIZATION_LEVEL = "-O";
			};
			name = Release;
		};
		BA34F24E281D4B45003E0C16 /* Debug */ = {
			isa = XCBuildConfiguration;
			buildSettings = {
				ASSETCATALOG_COMPILER_APPICON_NAME = AppIcon;
				ASSETCATALOG_COMPILER_GLOBAL_ACCENT_COLOR_NAME = AccentColor;
				CODE_SIGN_STYLE = Automatic;
				CURRENT_PROJECT_VERSION = 1;
				ENABLE_PREVIEWS = YES;
				GENERATE_INFOPLIST_FILE = YES;
				INFOPLIST_KEY_UIApplicationSceneManifest_Generation = YES;
				INFOPLIST_KEY_UIApplicationSupportsIndirectInputEvents = YES;
				INFOPLIST_KEY_UILaunchScreen_Generation = YES;
				INFOPLIST_KEY_UISupportedInterfaceOrientations_iPad = "UIInterfaceOrientationPortrait UIInterfaceOrientationPortraitUpsideDown UIInterfaceOrientationLandscapeLeft UIInterfaceOrientationLandscapeRight";
				INFOPLIST_KEY_UISupportedInterfaceOrientations_iPhone = "UIInterfaceOrientationPortrait UIInterfaceOrientationLandscapeLeft UIInterfaceOrientationLandscapeRight";
				IPHONEOS_DEPLOYMENT_TARGET = 15.4;
				LD_RUNPATH_SEARCH_PATHS = (
					"$(inherited)",
					"@executable_path/Frameworks",
				);
				MARKETING_VERSION = 1.0;
				PRODUCT_BUNDLE_IDENTIFIER = com.badger.memoApp;
				PRODUCT_NAME = memoApp;
				SDKROOT = iphoneos;
				SWIFT_EMIT_LOC_STRINGS = YES;
				SWIFT_VERSION = 5.0;
				TARGETED_DEVICE_FAMILY = "1,2";
			};
			name = Debug;
		};
		BA34F24F281D4B45003E0C16 /* Release */ = {
			isa = XCBuildConfiguration;
			buildSettings = {
				ASSETCATALOG_COMPILER_APPICON_NAME = AppIcon;
				ASSETCATALOG_COMPILER_GLOBAL_ACCENT_COLOR_NAME = AccentColor;
				CODE_SIGN_STYLE = Automatic;
				CURRENT_PROJECT_VERSION = 1;
				ENABLE_PREVIEWS = YES;
				GENERATE_INFOPLIST_FILE = YES;
				INFOPLIST_KEY_UIApplicationSceneManifest_Generation = YES;
				INFOPLIST_KEY_UIApplicationSupportsIndirectInputEvents = YES;
				INFOPLIST_KEY_UILaunchScreen_Generation = YES;
				INFOPLIST_KEY_UISupportedInterfaceOrientations_iPad = "UIInterfaceOrientationPortrait UIInterfaceOrientationPortraitUpsideDown UIInterfaceOrientationLandscapeLeft UIInterfaceOrientationLandscapeRight";
				INFOPLIST_KEY_UISupportedInterfaceOrientations_iPhone = "UIInterfaceOrientationPortrait UIInterfaceOrientationLandscapeLeft UIInterfaceOrientationLandscapeRight";
				IPHONEOS_DEPLOYMENT_TARGET = 15.4;
				LD_RUNPATH_SEARCH_PATHS = (
					"$(inherited)",
					"@executable_path/Frameworks",
				);
				MARKETING_VERSION = 1.0;
				PRODUCT_BUNDLE_IDENTIFIER = com.badger.memoApp;
				PRODUCT_NAME = memoApp;
				SDKROOT = iphoneos;
				SWIFT_EMIT_LOC_STRINGS = YES;
				SWIFT_VERSION = 5.0;
				TARGETED_DEVICE_FAMILY = "1,2";
				VALIDATE_PRODUCT = YES;
			};
			name = Release;
		};
		BA34F251281D4B45003E0C16 /* Debug */ = {
			isa = XCBuildConfiguration;
			buildSettings = {
				ASSETCATALOG_COMPILER_APPICON_NAME = AppIcon;
				ASSETCATALOG_COMPILER_GLOBAL_ACCENT_COLOR_NAME = AccentColor;
				CODE_SIGN_ENTITLEMENTS = macOS/macOS.entitlements;
				CODE_SIGN_STYLE = Automatic;
				COMBINE_HIDPI_IMAGES = YES;
				CURRENT_PROJECT_VERSION = 1;
				ENABLE_PREVIEWS = YES;
				GENERATE_INFOPLIST_FILE = YES;
				INFOPLIST_KEY_NSHumanReadableCopyright = "";
				LD_RUNPATH_SEARCH_PATHS = (
					"$(inherited)",
					"@executable_path/../Frameworks",
				);
				MACOSX_DEPLOYMENT_TARGET = 12.2;
				MARKETING_VERSION = 1.0;
				PRODUCT_BUNDLE_IDENTIFIER = com.badger.memoApp;
				PRODUCT_NAME = memoApp;
				SDKROOT = macosx;
				SWIFT_EMIT_LOC_STRINGS = YES;
				SWIFT_VERSION = 5.0;
			};
			name = Debug;
		};
		BA34F252281D4B45003E0C16 /* Release */ = {
			isa = XCBuildConfiguration;
			buildSettings = {
				ASSETCATALOG_COMPILER_APPICON_NAME = AppIcon;
				ASSETCATALOG_COMPILER_GLOBAL_ACCENT_COLOR_NAME = AccentColor;
				CODE_SIGN_ENTITLEMENTS = macOS/macOS.entitlements;
				CODE_SIGN_STYLE = Automatic;
				COMBINE_HIDPI_IMAGES = YES;
				CURRENT_PROJECT_VERSION = 1;
				ENABLE_PREVIEWS = YES;
				GENERATE_INFOPLIST_FILE = YES;
				INFOPLIST_KEY_NSHumanReadableCopyright = "";
				LD_RUNPATH_SEARCH_PATHS = (
					"$(inherited)",
					"@executable_path/../Frameworks",
				);
				MACOSX_DEPLOYMENT_TARGET = 12.2;
				MARKETING_VERSION = 1.0;
				PRODUCT_BUNDLE_IDENTIFIER = com.badger.memoApp;
				PRODUCT_NAME = memoApp;
				SDKROOT = macosx;
				SWIFT_EMIT_LOC_STRINGS = YES;
				SWIFT_VERSION = 5.0;
			};
			name = Release;
		};
		BA34F254281D4B45003E0C16 /* Debug */ = {
			isa = XCBuildConfiguration;
			buildSettings = {
				ALWAYS_EMBED_SWIFT_STANDARD_LIBRARIES = YES;
				CODE_SIGN_STYLE = Automatic;
				CURRENT_PROJECT_VERSION = 1;
				GENERATE_INFOPLIST_FILE = YES;
				IPHONEOS_DEPLOYMENT_TARGET = 15.4;
				MARKETING_VERSION = 1.0;
				PRODUCT_BUNDLE_IDENTIFIER = "com.badger.Tests-iOS";
				PRODUCT_NAME = "$(TARGET_NAME)";
				SDKROOT = iphoneos;
				SWIFT_EMIT_LOC_STRINGS = NO;
				SWIFT_VERSION = 5.0;
				TARGETED_DEVICE_FAMILY = "1,2";
				TEST_TARGET_NAME = "memoApp (iOS)";
			};
			name = Debug;
		};
		BA34F255281D4B45003E0C16 /* Release */ = {
			isa = XCBuildConfiguration;
			buildSettings = {
				ALWAYS_EMBED_SWIFT_STANDARD_LIBRARIES = YES;
				CODE_SIGN_STYLE = Automatic;
				CURRENT_PROJECT_VERSION = 1;
				GENERATE_INFOPLIST_FILE = YES;
				IPHONEOS_DEPLOYMENT_TARGET = 15.4;
				MARKETING_VERSION = 1.0;
				PRODUCT_BUNDLE_IDENTIFIER = "com.badger.Tests-iOS";
				PRODUCT_NAME = "$(TARGET_NAME)";
				SDKROOT = iphoneos;
				SWIFT_EMIT_LOC_STRINGS = NO;
				SWIFT_VERSION = 5.0;
				TARGETED_DEVICE_FAMILY = "1,2";
				TEST_TARGET_NAME = "memoApp (iOS)";
				VALIDATE_PRODUCT = YES;
			};
			name = Release;
		};
		BA34F257281D4B45003E0C16 /* Debug */ = {
			isa = XCBuildConfiguration;
			buildSettings = {
				ALWAYS_EMBED_SWIFT_STANDARD_LIBRARIES = YES;
				CODE_SIGN_STYLE = Automatic;
				CURRENT_PROJECT_VERSION = 1;
				GENERATE_INFOPLIST_FILE = YES;
				MACOSX_DEPLOYMENT_TARGET = 12.2;
				MARKETING_VERSION = 1.0;
				PRODUCT_BUNDLE_IDENTIFIER = "com.badger.Tests-macOS";
				PRODUCT_NAME = "$(TARGET_NAME)";
				SDKROOT = macosx;
				SWIFT_EMIT_LOC_STRINGS = NO;
				SWIFT_VERSION = 5.0;
				TEST_TARGET_NAME = "memoApp (macOS)";
			};
			name = Debug;
		};
		BA34F258281D4B45003E0C16 /* Release */ = {
			isa = XCBuildConfiguration;
			buildSettings = {
				ALWAYS_EMBED_SWIFT_STANDARD_LIBRARIES = YES;
				CODE_SIGN_STYLE = Automatic;
				CURRENT_PROJECT_VERSION = 1;
				GENERATE_INFOPLIST_FILE = YES;
				MACOSX_DEPLOYMENT_TARGET = 12.2;
				MARKETING_VERSION = 1.0;
				PRODUCT_BUNDLE_IDENTIFIER = "com.badger.Tests-macOS";
				PRODUCT_NAME = "$(TARGET_NAME)";
				SDKROOT = macosx;
				SWIFT_EMIT_LOC_STRINGS = NO;
				SWIFT_VERSION = 5.0;
				TEST_TARGET_NAME = "memoApp (macOS)";
			};
			name = Release;
		};
/* End XCBuildConfiguration section */

/* Begin XCConfigurationList section */
		BA34F21B281D4B44003E0C16 /* Build configuration list for PBXProject "memoApp" */ = {
			isa = XCConfigurationList;
			buildConfigurations = (
				BA34F24B281D4B45003E0C16 /* Debug */,
				BA34F24C281D4B45003E0C16 /* Release */,
			);
			defaultConfigurationIsVisible = 0;
			defaultConfigurationName = Release;
		};
		BA34F24D281D4B45003E0C16 /* Build configuration list for PBXNativeTarget "memoApp (iOS)" */ = {
			isa = XCConfigurationList;
			buildConfigurations = (
				BA34F24E281D4B45003E0C16 /* Debug */,
				BA34F24F281D4B45003E0C16 /* Release */,
			);
			defaultConfigurationIsVisible = 0;
			defaultConfigurationName = Release;
		};
		BA34F250281D4B45003E0C16 /* Build configuration list for PBXNativeTarget "memoApp (macOS)" */ = {
			isa = XCConfigurationList;
			buildConfigurations = (
				BA34F251281D4B45003E0C16 /* Debug */,
				BA34F252281D4B45003E0C16 /* Release */,
			);
			defaultConfigurationIsVisible = 0;
			defaultConfigurationName = Release;
		};
		BA34F253281D4B45003E0C16 /* Build configuration list for PBXNativeTarget "Tests iOS" */ = {
			isa = XCConfigurationList;
			buildConfigurations = (
				BA34F254281D4B45003E0C16 /* Debug */,
				BA34F255281D4B45003E0C16 /* Release */,
			);
			defaultConfigurationIsVisible = 0;
			defaultConfigurationName = Release;
		};
		BA34F256281D4B45003E0C16 /* Build configuration list for PBXNativeTarget "Tests macOS" */ = {
			isa = XCConfigurationList;
			buildConfigurations = (
				BA34F257281D4B45003E0C16 /* Debug */,
				BA34F258281D4B45003E0C16 /* Release */,
			);
			defaultConfigurationIsVisible = 0;
			defaultConfigurationName = Release;
		};
/* End XCConfigurationList section */
	};
	rootObject = BA34F218281D4B44003E0C16 /* Project object */;
}
